// !$*UTF8*$!
{
	archiveVersion = 1;
	classes = {
	};
	objectVersion = 46;
	objects = {

/* Begin PBXBuildFile section */
		341C6EC219831B240032BA26 /* RSTransaction.swift in Sources */ = {isa = PBXBuildFile; fileRef = 341C6EC119831B240032BA26 /* RSTransaction.swift */; };
		341C6EC5198325720032BA26 /* RSTransactionRequest.swift in Sources */ = {isa = PBXBuildFile; fileRef = 341C6EC4198325720032BA26 /* RSTransactionRequest.swift */; };
		341C6EC719834BBD0032BA26 /* RSURLRequest.swift in Sources */ = {isa = PBXBuildFile; fileRef = 341C6EC619834BBD0032BA26 /* RSURLRequest.swift */; };
		341C6EC91983D57E0032BA26 /* RSUtilities.swift in Sources */ = {isa = PBXBuildFile; fileRef = 341C6EC81983D57E0032BA26 /* RSUtilities.swift */; };
		3462FE541972B4F500C6C04F /* AppDelegate.swift in Sources */ = {isa = PBXBuildFile; fileRef = 3462FE531972B4F500C6C04F /* AppDelegate.swift */; };
		3462FE561972B4F500C6C04F /* ViewController.swift in Sources */ = {isa = PBXBuildFile; fileRef = 3462FE551972B4F500C6C04F /* ViewController.swift */; };
		3462FE591972B4F500C6C04F /* Main.storyboard in Resources */ = {isa = PBXBuildFile; fileRef = 3462FE571972B4F500C6C04F /* Main.storyboard */; };
		3462FE5B1972B4F500C6C04F /* Images.xcassets in Resources */ = {isa = PBXBuildFile; fileRef = 3462FE5A1972B4F500C6C04F /* Images.xcassets */; };
		3462FE671972B4F500C6C04F /* RSNetworkSampleTests.swift in Sources */ = {isa = PBXBuildFile; fileRef = 3462FE661972B4F500C6C04F /* RSNetworkSampleTests.swift */; };
		3462FE711972B50500C6C04F /* RSNetworking.swift in Sources */ = {isa = PBXBuildFile; fileRef = 3462FE701972B50500C6C04F /* RSNetworking.swift */; };
		349AB19919742010005ECEDC /* UIImageView+RSNetworking.swift in Sources */ = {isa = PBXBuildFile; fileRef = 349AB19819742010005ECEDC /* UIImageView+RSNetworking.swift */; };
/* End PBXBuildFile section */

/* Begin PBXContainerItemProxy section */
		3462FE611972B4F500C6C04F /* PBXContainerItemProxy */ = {
			isa = PBXContainerItemProxy;
			containerPortal = 3462FE461972B4F500C6C04F /* Project object */;
			proxyType = 1;
			remoteGlobalIDString = 3462FE4D1972B4F500C6C04F;
			remoteInfo = RSNetworkSample;
		};
/* End PBXContainerItemProxy section */

/* Begin PBXFileReference section */
		341C6EC119831B240032BA26 /* RSTransaction.swift */ = {isa = PBXFileReference; fileEncoding = 4; lastKnownFileType = sourcecode.swift; path = RSTransaction.swift; sourceTree = "<group>"; };
		341C6EC4198325720032BA26 /* RSTransactionRequest.swift */ = {isa = PBXFileReference; fileEncoding = 4; lastKnownFileType = sourcecode.swift; path = RSTransactionRequest.swift; sourceTree = "<group>"; };
		341C6EC619834BBD0032BA26 /* RSURLRequest.swift */ = {isa = PBXFileReference; fileEncoding = 4; lastKnownFileType = sourcecode.swift; path = RSURLRequest.swift; sourceTree = "<group>"; };
		341C6EC81983D57E0032BA26 /* RSUtilities.swift */ = {isa = PBXFileReference; fileEncoding = 4; lastKnownFileType = sourcecode.swift; path = RSUtilities.swift; sourceTree = "<group>"; };
		3462FE4E1972B4F500C6C04F /* RSNetworkSample.app */ = {isa = PBXFileReference; explicitFileType = wrapper.application; includeInIndex = 0; path = RSNetworkSample.app; sourceTree = BUILT_PRODUCTS_DIR; };
		3462FE521972B4F500C6C04F /* Info.plist */ = {isa = PBXFileReference; lastKnownFileType = text.plist.xml; path = Info.plist; sourceTree = "<group>"; };
		3462FE531972B4F500C6C04F /* AppDelegate.swift */ = {isa = PBXFileReference; lastKnownFileType = sourcecode.swift; path = AppDelegate.swift; sourceTree = "<group>"; };
		3462FE551972B4F500C6C04F /* ViewController.swift */ = {isa = PBXFileReference; lastKnownFileType = sourcecode.swift; path = ViewController.swift; sourceTree = "<group>"; };
		3462FE581972B4F500C6C04F /* Base */ = {isa = PBXFileReference; lastKnownFileType = file.storyboard; name = Base; path = Base.lproj/Main.storyboard; sourceTree = "<group>"; };
		3462FE5A1972B4F500C6C04F /* Images.xcassets */ = {isa = PBXFileReference; lastKnownFileType = folder.assetcatalog; path = Images.xcassets; sourceTree = "<group>"; };
		3462FE601972B4F500C6C04F /* RSNetworkSampleTests.xctest */ = {isa = PBXFileReference; explicitFileType = wrapper.cfbundle; includeInIndex = 0; path = RSNetworkSampleTests.xctest; sourceTree = BUILT_PRODUCTS_DIR; };
		3462FE651972B4F500C6C04F /* Info.plist */ = {isa = PBXFileReference; lastKnownFileType = text.plist.xml; path = Info.plist; sourceTree = "<group>"; };
		3462FE661972B4F500C6C04F /* RSNetworkSampleTests.swift */ = {isa = PBXFileReference; lastKnownFileType = sourcecode.swift; path = RSNetworkSampleTests.swift; sourceTree = "<group>"; };
		3462FE701972B50500C6C04F /* RSNetworking.swift */ = {isa = PBXFileReference; fileEncoding = 4; lastKnownFileType = sourcecode.swift; path = RSNetworking.swift; sourceTree = "<group>"; };
		349AB19819742010005ECEDC /* UIImageView+RSNetworking.swift */ = {isa = PBXFileReference; fileEncoding = 4; lastKnownFileType = sourcecode.swift; path = "UIImageView+RSNetworking.swift"; sourceTree = "<group>"; };
/* End PBXFileReference section */

/* Begin PBXFrameworksBuildPhase section */
		3462FE4B1972B4F500C6C04F /* Frameworks */ = {
			isa = PBXFrameworksBuildPhase;
			buildActionMask = 2147483647;
			files = (
			);
			runOnlyForDeploymentPostprocessing = 0;
		};
		3462FE5D1972B4F500C6C04F /* Frameworks */ = {
			isa = PBXFrameworksBuildPhase;
			buildActionMask = 2147483647;
			files = (
			);
			runOnlyForDeploymentPostprocessing = 0;
		};
/* End PBXFrameworksBuildPhase section */

/* Begin PBXGroup section */
		341C6EBC198313CD0032BA26 /* RSNetworking */ = {
			isa = PBXGroup;
			children = (
				341C6EBE1983154A0032BA26 /* Transactions */,
				341C6EBD1983150C0032BA26 /* Extensions */,
				3462FE701972B50500C6C04F /* RSNetworking.swift */,
				341C6EC81983D57E0032BA26 /* RSUtilities.swift */,
			);
			name = RSNetworking;
			sourceTree = "<group>";
		};
		341C6EBD1983150C0032BA26 /* Extensions */ = {
			isa = PBXGroup;
			children = (
				349AB19819742010005ECEDC /* UIImageView+RSNetworking.swift */,
			);
			name = Extensions;
			sourceTree = "<group>";
		};
		341C6EBE1983154A0032BA26 /* Transactions */ = {
			isa = PBXGroup;
			children = (
				341C6EC119831B240032BA26 /* RSTransaction.swift */,
				341C6EC4198325720032BA26 /* RSTransactionRequest.swift */,
				341C6EC619834BBD0032BA26 /* RSURLRequest.swift */,
			);
			name = Transactions;
			sourceTree = "<group>";
		};
		3462FE451972B4F500C6C04F = {
			isa = PBXGroup;
			children = (
				3462FE501972B4F500C6C04F /* RSNetworkSample */,
				3462FE631972B4F500C6C04F /* RSNetworkSampleTests */,
				3462FE4F1972B4F500C6C04F /* Products */,
			);
			sourceTree = "<group>";
		};
		3462FE4F1972B4F500C6C04F /* Products */ = {
			isa = PBXGroup;
			children = (
				3462FE4E1972B4F500C6C04F /* RSNetworkSample.app */,
				3462FE601972B4F500C6C04F /* RSNetworkSampleTests.xctest */,
			);
			name = Products;
			sourceTree = "<group>";
		};
		3462FE501972B4F500C6C04F /* RSNetworkSample */ = {
			isa = PBXGroup;
			children = (
				341C6EBC198313CD0032BA26 /* RSNetworking */,
				3462FE531972B4F500C6C04F /* AppDelegate.swift */,
				3462FE551972B4F500C6C04F /* ViewController.swift */,
				3462FE571972B4F500C6C04F /* Main.storyboard */,
				3462FE5A1972B4F500C6C04F /* Images.xcassets */,
				3462FE511972B4F500C6C04F /* Supporting Files */,
			);
			path = RSNetworkSample;
			sourceTree = "<group>";
		};
		3462FE511972B4F500C6C04F /* Supporting Files */ = {
			isa = PBXGroup;
			children = (
				3462FE521972B4F500C6C04F /* Info.plist */,
			);
			name = "Supporting Files";
			sourceTree = "<group>";
		};
		3462FE631972B4F500C6C04F /* RSNetworkSampleTests */ = {
			isa = PBXGroup;
			children = (
				3462FE661972B4F500C6C04F /* RSNetworkSampleTests.swift */,
				3462FE641972B4F500C6C04F /* Supporting Files */,
			);
			path = RSNetworkSampleTests;
			sourceTree = "<group>";
		};
		3462FE641972B4F500C6C04F /* Supporting Files */ = {
			isa = PBXGroup;
			children = (
				3462FE651972B4F500C6C04F /* Info.plist */,
			);
			name = "Supporting Files";
			sourceTree = "<group>";
		};
/* End PBXGroup section */

/* Begin PBXNativeTarget section */
		3462FE4D1972B4F500C6C04F /* RSNetworkSample */ = {
			isa = PBXNativeTarget;
			buildConfigurationList = 3462FE6A1972B4F500C6C04F /* Build configuration list for PBXNativeTarget "RSNetworkSample" */;
			buildPhases = (
				3462FE4A1972B4F500C6C04F /* Sources */,
				3462FE4B1972B4F500C6C04F /* Frameworks */,
				3462FE4C1972B4F500C6C04F /* Resources */,
			);
			buildRules = (
			);
			dependencies = (
			);
			name = RSNetworkSample;
			productName = RSNetworkSample;
			productReference = 3462FE4E1972B4F500C6C04F /* RSNetworkSample.app */;
			productType = "com.apple.product-type.application";
		};
		3462FE5F1972B4F500C6C04F /* RSNetworkSampleTests */ = {
			isa = PBXNativeTarget;
			buildConfigurationList = 3462FE6D1972B4F500C6C04F /* Build configuration list for PBXNativeTarget "RSNetworkSampleTests" */;
			buildPhases = (
				3462FE5C1972B4F500C6C04F /* Sources */,
				3462FE5D1972B4F500C6C04F /* Frameworks */,
				3462FE5E1972B4F500C6C04F /* Resources */,
			);
			buildRules = (
			);
			dependencies = (
				3462FE621972B4F500C6C04F /* PBXTargetDependency */,
			);
			name = RSNetworkSampleTests;
			productName = RSNetworkSampleTests;
			productReference = 3462FE601972B4F500C6C04F /* RSNetworkSampleTests.xctest */;
			productType = "com.apple.product-type.bundle.unit-test";
		};
/* End PBXNativeTarget section */

/* Begin PBXProject section */
		3462FE461972B4F500C6C04F /* Project object */ = {
			isa = PBXProject;
			attributes = {
				LastUpgradeCheck = 0600;
				ORGANIZATIONNAME = "Jon Hoffman";
				TargetAttributes = {
					3462FE4D1972B4F500C6C04F = {
						CreatedOnToolsVersion = 6.0;
					};
					3462FE5F1972B4F500C6C04F = {
						CreatedOnToolsVersion = 6.0;
						TestTargetID = 3462FE4D1972B4F500C6C04F;
					};
				};
			};
			buildConfigurationList = 3462FE491972B4F500C6C04F /* Build configuration list for PBXProject "RSNetworkSample" */;
			compatibilityVersion = "Xcode 3.2";
			developmentRegion = English;
			hasScannedForEncodings = 0;
			knownRegions = (
				en,
				Base,
			);
			mainGroup = 3462FE451972B4F500C6C04F;
			productRefGroup = 3462FE4F1972B4F500C6C04F /* Products */;
			projectDirPath = "";
			projectRoot = "";
			targets = (
				3462FE4D1972B4F500C6C04F /* RSNetworkSample */,
				3462FE5F1972B4F500C6C04F /* RSNetworkSampleTests */,
			);
		};
/* End PBXProject section */

/* Begin PBXResourcesBuildPhase section */
		3462FE4C1972B4F500C6C04F /* Resources */ = {
			isa = PBXResourcesBuildPhase;
			buildActionMask = 2147483647;
			files = (
				3462FE591972B4F500C6C04F /* Main.storyboard in Resources */,
				3462FE5B1972B4F500C6C04F /* Images.xcassets in Resources */,
			);
			runOnlyForDeploymentPostprocessing = 0;
		};
		3462FE5E1972B4F500C6C04F /* Resources */ = {
			isa = PBXResourcesBuildPhase;
			buildActionMask = 2147483647;
			files = (
			);
			runOnlyForDeploymentPostprocessing = 0;
		};
/* End PBXResourcesBuildPhase section */

/* Begin PBXSourcesBuildPhase section */
		3462FE4A1972B4F500C6C04F /* Sources */ = {
			isa = PBXSourcesBuildPhase;
			buildActionMask = 2147483647;
			files = (
				3462FE561972B4F500C6C04F /* ViewController.swift in Sources */,
				349AB19919742010005ECEDC /* UIImageView+RSNetworking.swift in Sources */,
				3462FE711972B50500C6C04F /* RSNetworking.swift in Sources */,
				341C6EC719834BBD0032BA26 /* RSURLRequest.swift in Sources */,
				341C6EC5198325720032BA26 /* RSTransactionRequest.swift in Sources */,
				341C6EC91983D57E0032BA26 /* RSUtilities.swift in Sources */,
				3462FE541972B4F500C6C04F /* AppDelegate.swift in Sources */,
				341C6EC219831B240032BA26 /* RSTransaction.swift in Sources */,
			);
			runOnlyForDeploymentPostprocessing = 0;
		};
		3462FE5C1972B4F500C6C04F /* Sources */ = {
			isa = PBXSourcesBuildPhase;
			buildActionMask = 2147483647;
			files = (
				3462FE671972B4F500C6C04F /* RSNetworkSampleTests.swift in Sources */,
			);
			runOnlyForDeploymentPostprocessing = 0;
		};
/* End PBXSourcesBuildPhase section */

/* Begin PBXTargetDependency section */
		3462FE621972B4F500C6C04F /* PBXTargetDependency */ = {
			isa = PBXTargetDependency;
			target = 3462FE4D1972B4F500C6C04F /* RSNetworkSample */;
			targetProxy = 3462FE611972B4F500C6C04F /* PBXContainerItemProxy */;
		};
/* End PBXTargetDependency section */

/* Begin PBXVariantGroup section */
		3462FE571972B4F500C6C04F /* Main.storyboard */ = {
			isa = PBXVariantGroup;
			children = (
				3462FE581972B4F500C6C04F /* Base */,
			);
			name = Main.storyboard;
			sourceTree = "<group>";
		};
/* End PBXVariantGroup section */

/* Begin XCBuildConfiguration section */
		3462FE681972B4F500C6C04F /* Debug */ = {
			isa = XCBuildConfiguration;
			buildSettings = {
				ALWAYS_SEARCH_USER_PATHS = NO;
				CLANG_CXX_LANGUAGE_STANDARD = "gnu++0x";
				CLANG_CXX_LIBRARY = "libc++";
				CLANG_ENABLE_MODULES = YES;
				CLANG_ENABLE_OBJC_ARC = YES;
				CLANG_WARN_BOOL_CONVERSION = YES;
				CLANG_WARN_CONSTANT_CONVERSION = YES;
				CLANG_WARN_DIRECT_OBJC_ISA_USAGE = YES_ERROR;
				CLANG_WARN_EMPTY_BODY = YES;
				CLANG_WARN_ENUM_CONVERSION = YES;
				CLANG_WARN_INT_CONVERSION = YES;
				CLANG_WARN_OBJC_ROOT_CLASS = YES_ERROR;
				CLANG_WARN_UNREACHABLE_CODE = YES;
				CLANG_WARN__DUPLICATE_METHOD_MATCH = YES;
				"CODE_SIGN_IDENTITY[sdk=iphoneos*]" = "iPhone Developer";
				COPY_PHASE_STRIP = NO;
				ENABLE_STRICT_OBJC_MSGSEND = YES;
				GCC_C_LANGUAGE_STANDARD = gnu99;
				GCC_DYNAMIC_NO_PIC = NO;
				GCC_OPTIMIZATION_LEVEL = 0;
				GCC_PREPROCESSOR_DEFINITIONS = (
					"DEBUG=1",
					"$(inherited)",
				);
				GCC_SYMBOLS_PRIVATE_EXTERN = NO;
				GCC_WARN_64_TO_32_BIT_CONVERSION = YES;
				GCC_WARN_ABOUT_RETURN_TYPE = YES_ERROR;
				GCC_WARN_UNDECLARED_SELECTOR = YES;
				GCC_WARN_UNINITIALIZED_AUTOS = YES_AGGRESSIVE;
				GCC_WARN_UNUSED_FUNCTION = YES;
				GCC_WARN_UNUSED_VARIABLE = YES;
				IPHONEOS_DEPLOYMENT_TARGET = 8.0;
				MTL_ENABLE_DEBUG_INFO = YES;
				ONLY_ACTIVE_ARCH = YES;
				SDKROOT = iphoneos;
				SWIFT_OPTIMIZATION_LEVEL = "-Onone";
			};
			name = Debug;
		};
		3462FE691972B4F500C6C04F /* Release */ = {
			isa = XCBuildConfiguration;
			buildSettings = {
				ALWAYS_SEARCH_USER_PATHS = NO;
				CLANG_CXX_LANGUAGE_STANDARD = "gnu++0x";
				CLANG_CXX_LIBRARY = "libc++";
				CLANG_ENABLE_MODULES = YES;
				CLANG_ENABLE_OBJC_ARC = YES;
				CLANG_WARN_BOOL_CONVERSION = YES;
				CLANG_WARN_CONSTANT_CONVERSION = YES;
				CLANG_WARN_DIRECT_OBJC_ISA_USAGE = YES_ERROR;
				CLANG_WARN_EMPTY_BODY = YES;
				CLANG_WARN_ENUM_CONVERSION = YES;
				CLANG_WARN_INT_CONVERSION = YES;
				CLANG_WARN_OBJC_ROOT_CLASS = YES_ERROR;
				CLANG_WARN_UNREACHABLE_CODE = YES;
				CLANG_WARN__DUPLICATE_METHOD_MATCH = YES;
				"CODE_SIGN_IDENTITY[sdk=iphoneos*]" = "iPhone Developer";
				COPY_PHASE_STRIP = YES;
				ENABLE_NS_ASSERTIONS = NO;
				ENABLE_STRICT_OBJC_MSGSEND = YES;
				GCC_C_LANGUAGE_STANDARD = gnu99;
				GCC_WARN_64_TO_32_BIT_CONVERSION = YES;
				GCC_WARN_ABOUT_RETURN_TYPE = YES_ERROR;
				GCC_WARN_UNDECLARED_SELECTOR = YES;
				GCC_WARN_UNINITIALIZED_AUTOS = YES_AGGRESSIVE;
				GCC_WARN_UNUSED_FUNCTION = YES;
				GCC_WARN_UNUSED_VARIABLE = YES;
				IPHONEOS_DEPLOYMENT_TARGET = 8.0;
				MTL_ENABLE_DEBUG_INFO = NO;
				SDKROOT = iphoneos;
				VALIDATE_PRODUCT = YES;
			};
			name = Release;
		};
		3462FE6B1972B4F500C6C04F /* Debug */ = {
			isa = XCBuildConfiguration;
			buildSettings = {
				ASSETCATALOG_COMPILER_APPICON_NAME = AppIcon;
				ASSETCATALOG_COMPILER_LAUNCHIMAGE_NAME = LaunchImage;
				INFOPLIST_FILE = RSNetworkSample/Info.plist;
				LD_RUNPATH_SEARCH_PATHS = "$(inherited) @executable_path/Frameworks";
				PRODUCT_NAME = "$(TARGET_NAME)";
			};
			name = Debug;
		};
		3462FE6C1972B4F500C6C04F /* Release */ = {
			isa = XCBuildConfiguration;
			buildSettings = {
				ASSETCATALOG_COMPILER_APPICON_NAME = AppIcon;
				ASSETCATALOG_COMPILER_LAUNCHIMAGE_NAME = LaunchImage;
				INFOPLIST_FILE = RSNetworkSample/Info.plist;
				LD_RUNPATH_SEARCH_PATHS = "$(inherited) @executable_path/Frameworks";
				PRODUCT_NAME = "$(TARGET_NAME)";
			};
			name = Release;
		};
		3462FE6E1972B4F500C6C04F /* Debug */ = {
			isa = XCBuildConfiguration;
			buildSettings = {
				BUNDLE_LOADER = "$(BUILT_PRODUCTS_DIR)/RSNetworkSample.app/RSNetworkSample";
				FRAMEWORK_SEARCH_PATHS = (
					"$(SDKROOT)/Developer/Library/Frameworks",
					"$(inherited)",
				);
				GCC_PREPROCESSOR_DEFINITIONS = (
					"DEBUG=1",
					"$(inherited)",
				);
				INFOPLIST_FILE = RSNetworkSampleTests/Info.plist;
				LD_RUNPATH_SEARCH_PATHS = "$(inherited) @executable_path/Frameworks @loader_path/Frameworks";
				PRODUCT_NAME = "$(TARGET_NAME)";
				TEST_HOST = "$(BUNDLE_LOADER)";
			};
			name = Debug;
		};
		3462FE6F1972B4F500C6C04F /* Release */ = {
			isa = XCBuildConfiguration;
			buildSettings = {
				BUNDLE_LOADER = "$(BUILT_PRODUCTS_DIR)/RSNetworkSample.app/RSNetworkSample";
				FRAMEWORK_SEARCH_PATHS = (
					"$(SDKROOT)/Developer/Library/Frameworks",
					"$(inherited)",
				);
				INFOPLIST_FILE = RSNetworkSampleTests/Info.plist;
				LD_RUNPATH_SEARCH_PATHS = "$(inherited) @executable_path/Frameworks @loader_path/Frameworks";
				PRODUCT_NAME = "$(TARGET_NAME)";
				TEST_HOST = "$(BUNDLE_LOADER)";
			};
			name = Release;
		};
/* End XCBuildConfiguration section */

/* Begin XCConfigurationList section */
		3462FE491972B4F500C6C04F /* Build configuration list for PBXProject "RSNetworkSample" */ = {
			isa = XCConfigurationList;
			buildConfigurations = (
				3462FE681972B4F500C6C04F /* Debug */,
				3462FE691972B4F500C6C04F /* Release */,
			);
			defaultConfigurationIsVisible = 0;
			defaultConfigurationName = Release;
		};
		3462FE6A1972B4F500C6C04F /* Build configuration list for PBXNativeTarget "RSNetworkSample" */ = {
			isa = XCConfigurationList;
			buildConfigurations = (
				3462FE6B1972B4F500C6C04F /* Debug */,
				3462FE6C1972B4F500C6C04F /* Release */,
			);
			defaultConfigurationIsVisible = 0;
			defaultConfigurationName = Release;
		};
		3462FE6D1972B4F500C6C04F /* Build configuration list for PBXNativeTarget "RSNetworkSampleTests" */ = {
			isa = XCConfigurationList;
			buildConfigurations = (
				3462FE6E1972B4F500C6C04F /* Debug */,
				3462FE6F1972B4F500C6C04F /* Release */,
			);
			defaultConfigurationIsVisible = 0;
			defaultConfigurationName = Release;
		};
/* End XCConfigurationList section */
	};
	rootObject = 3462FE461972B4F500C6C04F /* Project object */;
}
